
Microsoft Visual Studio Solution File, Format Version 12.00
# Visual Studio 15
VisualStudioVersion = 15.0.28307.168
MinimumVisualStudioVersion = 10.0.40219.1
Project("{FAE04EC0-301F-11D3-BF4B-00C04F79EFBC}") = "RV32_Cpu", "RV32_Cpu\RV32_Cpu.csproj", "{E37356BA-9757-44A2-B594-E6DA496BC812}"
EndProject
Project("{FAE04EC0-301F-11D3-BF4B-00C04F79EFBC}") = "RV32_LoatStoreUnit", "RV32_Lsu\RV32_LoatStoreUnit.csproj", "{FA819D4A-5080-468F-A2B9-B80FB581CD41}"
EndProject
Project("{FAE04EC0-301F-11D3-BF4B-00C04F79EFBC}") = "RV32_Alu", "RV32_Alu\RV32_Alu.csproj", "{28C36AEE-CD6D-4185-80C9-142D86E5B585}"
EndProject
Project("{FAE04EC0-301F-11D3-BF4B-00C04F79EFBC}") = "ElfLoader", "ElfLoader\ElfLoader.csproj", "{28E3A2C3-67DE-4542-803B-5DB07A3BC6BB}"
EndProject
Project("{FAE04EC0-301F-11D3-BF4B-00C04F79EFBC}") = "RISC-V_CPU_Emulator", "RISC-V_CPU_Emulator\RISC-V_CPU_Emulator.csproj", "{67DAFF22-8214-4A48-8D47-BB2CCF9C3603}"
EndProject
Project("{FAE04EC0-301F-11D3-BF4B-00C04F79EFBC}") = "RISC-V_CPU_ConsoleEmulator", "RISC-V_CPU_ConsoleEmulator\RISC-V_CPU_ConsoleEmulator.csproj", "{0D40F4B4-DAF9-4B3E-BA69-30E394D55285}"
EndProject
Global
	GlobalSection(SolutionConfigurationPlatforms) = preSolution
		Debug|Any CPU = Debug|Any CPU
		Debug|ARM = Debug|ARM
		Debug|ARM64 = Debug|ARM64
		Debug|x64 = Debug|x64
		Debug|x86 = Debug|x86
		Release|Any CPU = Release|Any CPU
		Release|ARM = Release|ARM
		Release|ARM64 = Release|ARM64
		Release|x64 = Release|x64
		Release|x86 = Release|x86
	EndGlobalSection
	GlobalSection(ProjectConfigurationPlatforms) = postSolution
		{E37356BA-9757-44A2-B594-E6DA496BC812}.Debug|Any CPU.ActiveCfg = Debug|Any CPU
		{E37356BA-9757-44A2-B594-E6DA496BC812}.Debug|Any CPU.Build.0 = Debug|Any CPU
		{E37356BA-9757-44A2-B594-E6DA496BC812}.Debug|ARM.ActiveCfg = Debug|Any CPU
		{E37356BA-9757-44A2-B594-E6DA496BC812}.Debug|ARM.Build.0 = Debug|Any CPU
		{E37356BA-9757-44A2-B594-E6DA496BC812}.Debug|ARM64.ActiveCfg = Debug|Any CPU
		{E37356BA-9757-44A2-B594-E6DA496BC812}.Debug|ARM64.Build.0 = Debug|Any CPU
		{E37356BA-9757-44A2-B594-E6DA496BC812}.Debug|x64.ActiveCfg = Debug|Any CPU
		{E37356BA-9757-44A2-B594-E6DA496BC812}.Debug|x64.Build.0 = Debug|Any CPU
		{E37356BA-9757-44A2-B594-E6DA496BC812}.Debug|x86.ActiveCfg = Debug|Any CPU
		{E37356BA-9757-44A2-B594-E6DA496BC812}.Debug|x86.Build.0 = Debug|Any CPU
		{E37356BA-9757-44A2-B594-E6DA496BC812}.Release|Any CPU.ActiveCfg = Release|Any CPU
		{E37356BA-9757-44A2-B594-E6DA496BC812}.Release|Any CPU.Build.0 = Release|Any CPU
		{E37356BA-9757-44A2-B594-E6DA496BC812}.Release|ARM.ActiveCfg = Release|Any CPU
		{E37356BA-9757-44A2-B594-E6DA496BC812}.Release|ARM.Build.0 = Release|Any CPU
		{E37356BA-9757-44A2-B594-E6DA496BC812}.Release|ARM64.ActiveCfg = Release|Any CPU
		{E37356BA-9757-44A2-B594-E6DA496BC812}.Release|ARM64.Build.0 = Release|Any CPU
		{E37356BA-9757-44A2-B594-E6DA496BC812}.Release|x64.ActiveCfg = Release|Any CPU
		{E37356BA-9757-44A2-B594-E6DA496BC812}.Release|x64.Build.0 = Release|Any CPU
		{E37356BA-9757-44A2-B594-E6DA496BC812}.Release|x86.ActiveCfg = Release|Any CPU
		{E37356BA-9757-44A2-B594-E6DA496BC812}.Release|x86.Build.0 = Release|Any CPU
		{FA819D4A-5080-468F-A2B9-B80FB581CD41}.Debug|Any CPU.ActiveCfg = Debug|Any CPU
		{FA819D4A-5080-468F-A2B9-B80FB581CD41}.Debug|Any CPU.Build.0 = Debug|Any CPU
		{FA819D4A-5080-468F-A2B9-B80FB581CD41}.Debug|ARM.ActiveCfg = Debug|Any CPU
		{FA819D4A-5080-468F-A2B9-B80FB581CD41}.Debug|ARM.Build.0 = Debug|Any CPU
		{FA819D4A-5080-468F-A2B9-B80FB581CD41}.Debug|ARM64.ActiveCfg = Debug|Any CPU
		{FA819D4A-5080-468F-A2B9-B80FB581CD41}.Debug|ARM64.Build.0 = Debug|Any CPU
		{FA819D4A-5080-468F-A2B9-B80FB581CD41}.Debug|x64.ActiveCfg = Debug|Any CPU
		{FA819D4A-5080-468F-A2B9-B80FB581CD41}.Debug|x64.Build.0 = Debug|Any CPU
		{FA819D4A-5080-468F-A2B9-B80FB581CD41}.Debug|x86.ActiveCfg = Debug|Any CPU
		{FA819D4A-5080-468F-A2B9-B80FB581CD41}.Debug|x86.Build.0 = Debug|Any CPU
		{FA819D4A-5080-468F-A2B9-B80FB581CD41}.Release|Any CPU.ActiveCfg = Release|Any CPU
		{FA819D4A-5080-468F-A2B9-B80FB581CD41}.Release|Any CPU.Build.0 = Release|Any CPU
		{FA819D4A-5080-468F-A2B9-B80FB581CD41}.Release|ARM.ActiveCfg = Release|Any CPU
		{FA819D4A-5080-468F-A2B9-B80FB581CD41}.Release|ARM.Build.0 = Release|Any CPU
		{FA819D4A-5080-468F-A2B9-B80FB581CD41}.Release|ARM64.ActiveCfg = Release|Any CPU
		{FA819D4A-5080-468F-A2B9-B80FB581CD41}.Release|ARM64.Build.0 = Release|Any CPU
		{FA819D4A-5080-468F-A2B9-B80FB581CD41}.Release|x64.ActiveCfg = Release|Any CPU
		{FA819D4A-5080-468F-A2B9-B80FB581CD41}.Release|x64.Build.0 = Release|Any CPU
		{FA819D4A-5080-468F-A2B9-B80FB581CD41}.Release|x86.ActiveCfg = Release|Any CPU
		{FA819D4A-5080-468F-A2B9-B80FB581CD41}.Release|x86.Build.0 = Release|Any CPU
		{28C36AEE-CD6D-4185-80C9-142D86E5B585}.Debug|Any CPU.ActiveCfg = Debug|Any CPU
		{28C36AEE-CD6D-4185-80C9-142D86E5B585}.Debug|Any CPU.Build.0 = Debug|Any CPU
		{28C36AEE-CD6D-4185-80C9-142D86E5B585}.Debug|ARM.ActiveCfg = Debug|Any CPU
		{28C36AEE-CD6D-4185-80C9-142D86E5B585}.Debug|ARM.Build.0 = Debug|Any CPU
		{28C36AEE-CD6D-4185-80C9-142D86E5B585}.Debug|ARM64.ActiveCfg = Debug|Any CPU
		{28C36AEE-CD6D-4185-80C9-142D86E5B585}.Debug|ARM64.Build.0 = Debug|Any CPU
		{28C36AEE-CD6D-4185-80C9-142D86E5B585}.Debug|x64.ActiveCfg = Debug|Any CPU
		{28C36AEE-CD6D-4185-80C9-142D86E5B585}.Debug|x64.Build.0 = Debug|Any CPU
		{28C36AEE-CD6D-4185-80C9-142D86E5B585}.Debug|x86.ActiveCfg = Debug|Any CPU
		{28C36AEE-CD6D-4185-80C9-142D86E5B585}.Debug|x86.Build.0 = Debug|Any CPU
		{28C36AEE-CD6D-4185-80C9-142D86E5B585}.Release|Any CPU.ActiveCfg = Release|Any CPU
		{28C36AEE-CD6D-4185-80C9-142D86E5B585}.Release|Any CPU.Build.0 = Release|Any CPU
		{28C36AEE-CD6D-4185-80C9-142D86E5B585}.Release|ARM.ActiveCfg = Release|Any CPU
		{28C36AEE-CD6D-4185-80C9-142D86E5B585}.Release|ARM.Build.0 = Release|Any CPU
		{28C36AEE-CD6D-4185-80C9-142D86E5B585}.Release|ARM64.ActiveCfg = Release|Any CPU
		{28C36AEE-CD6D-4185-80C9-142D86E5B585}.Release|ARM64.Build.0 = Release|Any CPU
		{28C36AEE-CD6D-4185-80C9-142D86E5B585}.Release|x64.ActiveCfg = Release|Any CPU
		{28C36AEE-CD6D-4185-80C9-142D86E5B585}.Release|x64.Build.0 = Release|Any CPU
		{28C36AEE-CD6D-4185-80C9-142D86E5B585}.Release|x86.ActiveCfg = Release|Any CPU
		{28C36AEE-CD6D-4185-80C9-142D86E5B585}.Release|x86.Build.0 = Release|Any CPU
		{28E3A2C3-67DE-4542-803B-5DB07A3BC6BB}.Debug|Any CPU.ActiveCfg = Debug|Any CPU
		{28E3A2C3-67DE-4542-803B-5DB07A3BC6BB}.Debug|Any CPU.Build.0 = Debug|Any CPU
		{28E3A2C3-67DE-4542-803B-5DB07A3BC6BB}.Debug|ARM.ActiveCfg = Debug|Any CPU
		{28E3A2C3-67DE-4542-803B-5DB07A3BC6BB}.Debug|ARM.Build.0 = Debug|Any CPU
		{28E3A2C3-67DE-4542-803B-5DB07A3BC6BB}.Debug|ARM64.ActiveCfg = Debug|Any CPU
		{28E3A2C3-67DE-4542-803B-5DB07A3BC6BB}.Debug|ARM64.Build.0 = Debug|Any CPU
		{28E3A2C3-67DE-4542-803B-5DB07A3BC6BB}.Debug|x64.ActiveCfg = Debug|Any CPU
		{28E3A2C3-67DE-4542-803B-5DB07A3BC6BB}.Debug|x64.Build.0 = Debug|Any CPU
		{28E3A2C3-67DE-4542-803B-5DB07A3BC6BB}.Debug|x86.ActiveCfg = Debug|Any CPU
		{28E3A2C3-67DE-4542-803B-5DB07A3BC6BB}.Debug|x86.Build.0 = Debug|Any CPU
		{28E3A2C3-67DE-4542-803B-5DB07A3BC6BB}.Release|Any CPU.ActiveCfg = Release|Any CPU
		{28E3A2C3-67DE-4542-803B-5DB07A3BC6BB}.Release|Any CPU.Build.0 = Release|Any CPU
		{28E3A2C3-67DE-4542-803B-5DB07A3BC6BB}.Release|ARM.ActiveCfg = Release|Any CPU
		{28E3A2C3-67DE-4542-803B-5DB07A3BC6BB}.Release|ARM.Build.0 = Release|Any CPU
		{28E3A2C3-67DE-4542-803B-5DB07A3BC6BB}.Release|ARM64.ActiveCfg = Release|Any CPU
		{28E3A2C3-67DE-4542-803B-5DB07A3BC6BB}.Release|ARM64.Build.0 = Release|Any CPU
		{28E3A2C3-67DE-4542-803B-5DB07A3BC6BB}.Release|x64.ActiveCfg = Release|Any CPU
		{28E3A2C3-67DE-4542-803B-5DB07A3BC6BB}.Release|x64.Build.0 = Release|Any CPU
		{28E3A2C3-67DE-4542-803B-5DB07A3BC6BB}.Release|x86.ActiveCfg = Release|Any CPU
		{28E3A2C3-67DE-4542-803B-5DB07A3BC6BB}.Release|x86.Build.0 = Release|Any CPU
		{67DAFF22-8214-4A48-8D47-BB2CCF9C3603}.Debug|Any CPU.ActiveCfg = Debug|Any CPU
		{67DAFF22-8214-4A48-8D47-BB2CCF9C3603}.Debug|Any CPU.Build.0 = Debug|Any CPU
		{67DAFF22-8214-4A48-8D47-BB2CCF9C3603}.Debug|ARM.ActiveCfg = Debug|Any CPU
		{67DAFF22-8214-4A48-8D47-BB2CCF9C3603}.Debug|ARM.Build.0 = Debug|Any CPU
		{67DAFF22-8214-4A48-8D47-BB2CCF9C3603}.Debug|ARM64.ActiveCfg = Debug|Any CPU
		{67DAFF22-8214-4A48-8D47-BB2CCF9C3603}.Debug|ARM64.Build.0 = Debug|Any CPU
		{67DAFF22-8214-4A48-8D47-BB2CCF9C3603}.Debug|x64.ActiveCfg = Debug|Any CPU
		{67DAFF22-8214-4A48-8D47-BB2CCF9C3603}.Debug|x64.Build.0 = Debug|Any CPU
		{67DAFF22-8214-4A48-8D47-BB2CCF9C3603}.Debug|x86.ActiveCfg = Debug|Any CPU
		{67DAFF22-8214-4A48-8D47-BB2CCF9C3603}.Debug|x86.Build.0 = Debug|Any CPU
		{67DAFF22-8214-4A48-8D47-BB2CCF9C3603}.Release|Any CPU.ActiveCfg = Release|Any CPU
		{67DAFF22-8214-4A48-8D47-BB2CCF9C3603}.Release|Any CPU.Build.0 = Release|Any CPU
		{67DAFF22-8214-4A48-8D47-BB2CCF9C3603}.Release|ARM.ActiveCfg = Release|Any CPU
		{67DAFF22-8214-4A48-8D47-BB2CCF9C3603}.Release|ARM.Build.0 = Release|Any CPU
		{67DAFF22-8214-4A48-8D47-BB2CCF9C3603}.Release|ARM64.ActiveCfg = Release|Any CPU
		{67DAFF22-8214-4A48-8D47-BB2CCF9C3603}.Release|ARM64.Build.0 = Release|Any CPU
		{67DAFF22-8214-4A48-8D47-BB2CCF9C3603}.Release|x64.ActiveCfg = Release|Any CPU
		{67DAFF22-8214-4A48-8D47-BB2CCF9C3603}.Release|x64.Build.0 = Release|Any CPU
		{67DAFF22-8214-4A48-8D47-BB2CCF9C3603}.Release|x86.ActiveCfg = Release|Any CPU
		{67DAFF22-8214-4A48-8D47-BB2CCF9C3603}.Release|x86.Build.0 = Release|Any CPU
		{0D40F4B4-DAF9-4B3E-BA69-30E394D55285}.Debug|Any CPU.ActiveCfg = Debug|Any CPU
		{0D40F4B4-DAF9-4B3E-BA69-30E394D55285}.Debug|Any CPU.Build.0 = Debug|Any CPU
		{0D40F4B4-DAF9-4B3E-BA69-30E394D55285}.Debug|ARM.ActiveCfg = Debug|Any CPU
		{0D40F4B4-DAF9-4B3E-BA69-30E394D55285}.Debug|ARM.Build.0 = Debug|Any CPU
		{0D40F4B4-DAF9-4B3E-BA69-30E394D55285}.Debug|ARM64.ActiveCfg = Debug|Any CPU
		{0D40F4B4-DAF9-4B3E-BA69-30E394D55285}.Debug|ARM64.Build.0 = Debug|Any CPU
		{0D40F4B4-DAF9-4B3E-BA69-30E394D55285}.Debug|x64.ActiveCfg = Debug|Any CPU
		{0D40F4B4-DAF9-4B3E-BA69-30E394D55285}.Debug|x64.Build.0 = Debug|Any CPU
		{0D40F4B4-DAF9-4B3E-BA69-30E394D55285}.Debug|x86.ActiveCfg = Debug|Any CPU
		{0D40F4B4-DAF9-4B3E-BA69-30E394D55285}.Debug|x86.Build.0 = Debug|Any CPU
		{0D40F4B4-DAF9-4B3E-BA69-30E394D55285}.Release|Any CPU.ActiveCfg = Release|Any CPU
		{0D40F4B4-DAF9-4B3E-BA69-30E394D55285}.Release|Any CPU.Build.0 = Release|Any CPU
		{0D40F4B4-DAF9-4B3E-BA69-30E394D55285}.Release|ARM.ActiveCfg = Release|Any CPU
		{0D40F4B4-DAF9-4B3E-BA69-30E394D55285}.Release|ARM.Build.0 = Release|Any CPU
		{0D40F4B4-DAF9-4B3E-BA69-30E394D55285}.Release|ARM64.ActiveCfg = Release|Any CPU
		{0D40F4B4-DAF9-4B3E-BA69-30E394D55285}.Release|ARM64.Build.0 = Release|Any CPU
		{0D40F4B4-DAF9-4B3E-BA69-30E394D55285}.Release|x64.ActiveCfg = Release|Any CPU
		{0D40F4B4-DAF9-4B3E-BA69-30E394D55285}.Release|x64.Build.0 = Release|Any CPU
		{0D40F4B4-DAF9-4B3E-BA69-30E394D55285}.Release|x86.ActiveCfg = Release|Any CPU
		{0D40F4B4-DAF9-4B3E-BA69-30E394D55285}.Release|x86.Build.0 = Release|Any CPU
	EndGlobalSection
	GlobalSection(SolutionProperties) = preSolution
		HideSolutionNode = FALSE
	EndGlobalSection
	GlobalSection(ExtensibilityGlobals) = postSolution
		SolutionGuid = {527993C2-9C9D-446F-803A-36BEBC13B8F2}
	EndGlobalSection
EndGlobal
